// !$*UTF8*$!
{
	archiveVersion = 1;
	classes = {
	};
	objectVersion = 56;
	objects = {

/* Begin PBXBuildFile section */
		719284C22B2950E800965797 /* PhonebookApp.swift in Sources */ = {isa = PBXBuildFile; fileRef = 719284C12B2950E800965797 /* PhonebookApp.swift */; };
		719284C42B2950E800965797 /* ContentView.swift in Sources */ = {isa = PBXBuildFile; fileRef = 719284C32B2950E800965797 /* ContentView.swift */; };
		719284C62B2950E800965797 /* Assets.xcassets in Resources */ = {isa = PBXBuildFile; fileRef = 719284C52B2950E800965797 /* Assets.xcassets */; };
		719284C92B2950E800965797 /* Preview Assets.xcassets in Resources */ = {isa = PBXBuildFile; fileRef = 719284C82B2950E800965797 /* Preview Assets.xcassets */; };
		719284D02B29514300965797 /* PBData.json in Resources */ = {isa = PBXBuildFile; fileRef = 719284CF2B29514300965797 /* PBData.json */; };
		719284D22B29516700965797 /* CompanyView.swift in Sources */ = {isa = PBXBuildFile; fileRef = 719284D12B29516700965797 /* CompanyView.swift */; };
		719284D42B29516E00965797 /* DepartmentView.swift in Sources */ = {isa = PBXBuildFile; fileRef = 719284D32B29516E00965797 /* DepartmentView.swift */; };
		719284D62B29517400965797 /* EmployeeView.swift in Sources */ = {isa = PBXBuildFile; fileRef = 719284D52B29517400965797 /* EmployeeView.swift */; };
		719284DA2B2952A600965797 /* Company.swift in Sources */ = {isa = PBXBuildFile; fileRef = 719284D92B2952A600965797 /* Company.swift */; };
		719284DC2B2952AF00965797 /* Department.swift in Sources */ = {isa = PBXBuildFile; fileRef = 719284DB2B2952AF00965797 /* Department.swift */; };
		719284DE2B2952B700965797 /* Employee.swift in Sources */ = {isa = PBXBuildFile; fileRef = 719284DD2B2952B700965797 /* Employee.swift */; };
		719284E12B2953C700965797 /* DataService.swift in Sources */ = {isa = PBXBuildFile; fileRef = 719284E02B2953C700965797 /* DataService.swift */; };
/* End PBXBuildFile section */

/* Begin PBXFileReference section */
		719284BE2B2950E800965797 /* Phonebook.app */ = {isa = PBXFileReference; explicitFileType = wrapper.application; includeInIndex = 0; path = Phonebook.app; sourceTree = BUILT_PRODUCTS_DIR; };
		719284C12B2950E800965797 /* PhonebookApp.swift */ = {isa = PBXFileReference; lastKnownFileType = sourcecode.swift; path = PhonebookApp.swift; sourceTree = "<group>"; };
		719284C32B2950E800965797 /* ContentView.swift */ = {isa = PBXFileReference; lastKnownFileType = sourcecode.swift; path = ContentView.swift; sourceTree = "<group>"; };
		719284C52B2950E800965797 /* Assets.xcassets */ = {isa = PBXFileReference; lastKnownFileType = folder.assetcatalog; path = Assets.xcassets; sourceTree = "<group>"; };
		719284C82B2950E800965797 /* Preview Assets.xcassets */ = {isa = PBXFileReference; lastKnownFileType = folder.assetcatalog; path = "Preview Assets.xcassets"; sourceTree = "<group>"; };
		719284CF2B29514300965797 /* PBData.json */ = {isa = PBXFileReference; fileEncoding = 4; lastKnownFileType = text.json; path = PBData.json; sourceTree = "<group>"; };
		719284D12B29516700965797 /* CompanyView.swift */ = {isa = PBXFileReference; lastKnownFileType = sourcecode.swift; path = CompanyView.swift; sourceTree = "<group>"; };
		719284D32B29516E00965797 /* DepartmentView.swift */ = {isa = PBXFileReference; lastKnownFileType = sourcecode.swift; path = DepartmentView.swift; sourceTree = "<group>"; };
		719284D52B29517400965797 /* EmployeeView.swift */ = {isa = PBXFileReference; lastKnownFileType = sourcecode.swift; path = EmployeeView.swift; sourceTree = "<group>"; };
		719284D92B2952A600965797 /* Company.swift */ = {isa = PBXFileReference; lastKnownFileType = sourcecode.swift; path = Company.swift; sourceTree = "<group>"; };
		719284DB2B2952AF00965797 /* Department.swift */ = {isa = PBXFileReference; lastKnownFileType = sourcecode.swift; path = Department.swift; sourceTree = "<group>"; };
		719284DD2B2952B700965797 /* Employee.swift */ = {isa = PBXFileReference; lastKnownFileType = sourcecode.swift; path = Employee.swift; sourceTree = "<group>"; };
		719284E02B2953C700965797 /* DataService.swift */ = {isa = PBXFileReference; lastKnownFileType = sourcecode.swift; path = DataService.swift; sourceTree = "<group>"; };
/* End PBXFileReference section */

/* Begin PBXFrameworksBuildPhase section */
		719284BB2B2950E800965797 /* Frameworks */ = {
			isa = PBXFrameworksBuildPhase;
			buildActionMask = 2147483647;
			files = (
			);
			runOnlyForDeploymentPostprocessing = 0;
		};
/* End PBXFrameworksBuildPhase section */

/* Begin PBXGroup section */
		719284B52B2950E800965797 = {
			isa = PBXGroup;
			children = (
				719284C02B2950E800965797 /* Phonebook */,
				719284BF2B2950E800965797 /* Products */,
			);
			sourceTree = "<group>";
		};
		719284BF2B2950E800965797 /* Products */ = {
			isa = PBXGroup;
			children = (
				719284BE2B2950E800965797 /* Phonebook.app */,
			);
			name = Products;
			sourceTree = "<group>";
		};
		719284C02B2950E800965797 /* Phonebook */ = {
			isa = PBXGroup;
			children = (
				719284DF2B2953BC00965797 /* Service */,
				719284D82B29529900965797 /* Models */,
				719284D72B29528800965797 /* Views */,
				719284C12B2950E800965797 /* PhonebookApp.swift */,
				719284C32B2950E800965797 /* ContentView.swift */,
				719284CF2B29514300965797 /* PBData.json */,
				719284C52B2950E800965797 /* Assets.xcassets */,
				719284C72B2950E800965797 /* Preview Content */,
			);
			path = Phonebook;
			sourceTree = "<group>";
		};
		719284C72B2950E800965797 /* Preview Content */ = {
			isa = PBXGroup;
			children = (
				719284C82B2950E800965797 /* Preview Assets.xcassets */,
			);
			path = "Preview Content";
			sourceTree = "<group>";
		};
		719284D72B29528800965797 /* Views */ = {
			isa = PBXGroup;
			children = (
				719284D52B29517400965797 /* EmployeeView.swift */,
				719284D12B29516700965797 /* CompanyView.swift */,
				719284D32B29516E00965797 /* DepartmentView.swift */,
			);
			path = Views;
			sourceTree = "<group>";
		};
		719284D82B29529900965797 /* Models */ = {
			isa = PBXGroup;
			children = (
				719284D92B2952A600965797 /* Company.swift */,
				719284DB2B2952AF00965797 /* Department.swift */,
				719284DD2B2952B700965797 /* Employee.swift */,
			);
			path = Models;
			sourceTree = "<group>";
		};
		719284DF2B2953BC00965797 /* Service */ = {
			isa = PBXGroup;
			children = (
				719284E02B2953C700965797 /* DataService.swift */,
			);
			path = Service;
			sourceTree = "<group>";
		};
/* End PBXGroup section */

/* Begin PBXNativeTarget section */
		719284BD2B2950E800965797 /* Phonebook */ = {
			isa = PBXNativeTarget;
			buildConfigurationList = 719284CC2B2950E800965797 /* Build configuration list for PBXNativeTarget "Phonebook" */;
			buildPhases = (
				719284BA2B2950E800965797 /* Sources */,
				719284BB2B2950E800965797 /* Frameworks */,
				719284BC2B2950E800965797 /* Resources */,
			);
			buildRules = (
			);
			dependencies = (
			);
			name = Phonebook;
			productName = Phonebook;
			productReference = 719284BE2B2950E800965797 /* Phonebook.app */;
			productType = "com.apple.product-type.application";
		};
/* End PBXNativeTarget section */

/* Begin PBXProject section */
		719284B62B2950E800965797 /* Project object */ = {
			isa = PBXProject;
			attributes = {
				BuildIndependentTargetsInParallel = 1;
				LastSwiftUpdateCheck = 1500;
				LastUpgradeCheck = 1500;
				TargetAttributes = {
					719284BD2B2950E800965797 = {
						CreatedOnToolsVersion = 15.0.1;
					};
				};
			};
			buildConfigurationList = 719284B92B2950E800965797 /* Build configuration list for PBXProject "Phonebook" */;
			compatibilityVersion = "Xcode 14.0";
			developmentRegion = en;
			hasScannedForEncodings = 0;
			knownRegions = (
				en,
				Base,
			);
			mainGroup = 719284B52B2950E800965797;
			productRefGroup = 719284BF2B2950E800965797 /* Products */;
			projectDirPath = "";
			projectRoot = "";
			targets = (
				719284BD2B2950E800965797 /* Phonebook */,
			);
		};
/* End PBXProject section */

/* Begin PBXResourcesBuildPhase section */
		719284BC2B2950E800965797 /* Resources */ = {
			isa = PBXResourcesBuildPhase;
			buildActionMask = 2147483647;
			files = (
				719284D02B29514300965797 /* PBData.json in Resources */,
				719284C92B2950E800965797 /* Preview Assets.xcassets in Resources */,
				719284C62B2950E800965797 /* Assets.xcassets in Resources */,
			);
			runOnlyForDeploymentPostprocessing = 0;
		};
/* End PBXResourcesBuildPhase section */

/* Begin PBXSourcesBuildPhase section */
		719284BA2B2950E800965797 /* Sources */ = {
			isa = PBXSourcesBuildPhase;
			buildActionMask = 2147483647;
			files = (
				719284E12B2953C700965797 /* DataService.swift in Sources */,
				719284C42B2950E800965797 /* ContentView.swift in Sources */,
				719284DE2B2952B700965797 /* Employee.swift in Sources */,
				719284C22B2950E800965797 /* PhonebookApp.swift in Sources */,
				719284D62B29517400965797 /* EmployeeView.swift in Sources */,
				719284D42B29516E00965797 /* DepartmentView.swift in Sources */,
				719284D22B29516700965797 /* CompanyView.swift in Sources */,
				719284DC2B2952AF00965797 /* Department.swift in Sources */,
				719284DA2B2952A600965797 /* Company.swift in Sources */,
			);
			runOnlyForDeploymentPostprocessing = 0;
		};
/* End PBXSourcesBuildPhase section */

/* Begin XCBuildConfiguration section */
		719284CA2B2950E800965797 /* Debug */ = {
			isa = XCBuildConfiguration;
			buildSettings = {
				ALWAYS_SEARCH_USER_PATHS = NO;
				ASSETCATALOG_COMPILER_GENERATE_SWIFT_ASSET_SYMBOL_EXTENSIONS = YES;
				CLANG_ANALYZER_NONNULL = YES;
				CLANG_ANALYZER_NUMBER_OBJECT_CONVERSION = YES_AGGRESSIVE;
				CLANG_CXX_LANGUAGE_STANDARD = "gnu++20";
				CLANG_ENABLE_MODULES = YES;
				CLANG_ENABLE_OBJC_ARC = YES;
				CLANG_ENABLE_OBJC_WEAK = YES;
				CLANG_WARN_BLOCK_CAPTURE_AUTORELEASING = YES;
				CLANG_WARN_BOOL_CONVERSION = YES;
				CLANG_WARN_COMMA = YES;
				CLANG_WARN_CONSTANT_CONVERSION = YES;
				CLANG_WARN_DEPRECATED_OBJC_IMPLEMENTATIONS = YES;
				CLANG_WARN_DIRECT_OBJC_ISA_USAGE = YES_ERROR;
				CLANG_WARN_DOCUMENTATION_COMMENTS = YES;
				CLANG_WARN_EMPTY_BODY = YES;
				CLANG_WARN_ENUM_CONVERSION = YES;
				CLANG_WARN_INFINITE_RECURSION = YES;
				CLANG_WARN_INT_CONVERSION = YES;
				CLANG_WARN_NON_LITERAL_NULL_CONVERSION = YES;
				CLANG_WARN_OBJC_IMPLICIT_RETAIN_SELF = YES;
				CLANG_WARN_OBJC_LITERAL_CONVERSION = YES;
				CLANG_WARN_OBJC_ROOT_CLASS = YES_ERROR;
				CLANG_WARN_QUOTED_INCLUDE_IN_FRAMEWORK_HEADER = YES;
				CLANG_WARN_RANGE_LOOP_ANALYSIS = YES;
				CLANG_WARN_STRICT_PROTOTYPES = YES;
				CLANG_WARN_SUSPICIOUS_MOVE = YES;
				CLANG_WARN_UNGUARDED_AVAILABILITY = YES_AGGRESSIVE;
				CLANG_WARN_UNREACHABLE_CODE = YES;
				CLANG_WARN__DUPLICATE_METHOD_MATCH = YES;
				COPY_PHASE_STRIP = NO;
				DEBUG_INFORMATION_FORMAT = dwarf;
				ENABLE_STRICT_OBJC_MSGSEND = YES;
				ENABLE_TESTABILITY = YES;
				ENABLE_USER_SCRIPT_SANDBOXING = YES;
				GCC_C_LANGUAGE_STANDARD = gnu17;
				GCC_DYNAMIC_NO_PIC = NO;
				GCC_NO_COMMON_BLOCKS = YES;
				GCC_OPTIMIZATION_LEVEL = 0;
				GCC_PREPROCESSOR_DEFINITIONS = (
					"DEBUG=1",
					"$(inherited)",
				);
				GCC_WARN_64_TO_32_BIT_CONVERSION = YES;
				GCC_WARN_ABOUT_RETURN_TYPE = YES_ERROR;
				GCC_WARN_UNDECLARED_SELECTOR = YES;
				GCC_WARN_UNINITIALIZED_AUTOS = YES_AGGRESSIVE;
				GCC_WARN_UNUSED_FUNCTION = YES;
				GCC_WARN_UNUSED_VARIABLE = YES;
				IPHONEOS_DEPLOYMENT_TARGET = 17.0;
				LOCALIZATION_PREFERS_STRING_CATALOGS = YES;
				MTL_ENABLE_DEBUG_INFO = INCLUDE_SOURCE;
				MTL_FAST_MATH = YES;
				ONLY_ACTIVE_ARCH = YES;
				SDKROOT = iphoneos;
				SWIFT_ACTIVE_COMPILATION_CONDITIONS = "DEBUG $(inherited)";
				SWIFT_OPTIMIZATION_LEVEL = "-Onone";
			};
			name = Debug;
		};
		719284CB2B2950E800965797 /* Release */ = {
			isa = XCBuildConfiguration;
			buildSettings = {
				ALWAYS_SEARCH_USER_PATHS = NO;
				ASSETCATALOG_COMPILER_GENERATE_SWIFT_ASSET_SYMBOL_EXTENSIONS = YES;
				CLANG_ANALYZER_NONNULL = YES;
				CLANG_ANALYZER_NUMBER_OBJECT_CONVERSION = YES_AGGRESSIVE;
				CLANG_CXX_LANGUAGE_STANDARD = "gnu++20";
				CLANG_ENABLE_MODULES = YES;
				CLANG_ENABLE_OBJC_ARC = YES;
				CLANG_ENABLE_OBJC_WEAK = YES;
				CLANG_WARN_BLOCK_CAPTURE_AUTORELEASING = YES;
				CLANG_WARN_BOOL_CONVERSION = YES;
				CLANG_WARN_COMMA = YES;
				CLANG_WARN_CONSTANT_CONVERSION = YES;
				CLANG_WARN_DEPRECATED_OBJC_IMPLEMENTATIONS = YES;
				CLANG_WARN_DIRECT_OBJC_ISA_USAGE = YES_ERROR;
				CLANG_WARN_DOCUMENTATION_COMMENTS = YES;
				CLANG_WARN_EMPTY_BODY = YES;
				CLANG_WARN_ENUM_CONVERSION = YES;
				CLANG_WARN_INFINITE_RECURSION = YES;
				CLANG_WARN_INT_CONVERSION = YES;
				CLANG_WARN_NON_LITERAL_NULL_CONVERSION = YES;
				CLANG_WARN_OBJC_IMPLICIT_RETAIN_SELF = YES;
				CLANG_WARN_OBJC_LITERAL_CONVERSION = YES;
				CLANG_WARN_OBJC_ROOT_CLASS = YES_ERROR;
				CLANG_WARN_QUOTED_INCLUDE_IN_FRAMEWORK_HEADER = YES;
				CLANG_WARN_RANGE_LOOP_ANALYSIS = YES;
				CLANG_WARN_STRICT_PROTOTYPES = YES;
				CLANG_WARN_SUSPICIOUS_MOVE = YES;
				CLANG_WARN_UNGUARDED_AVAILABILITY = YES_AGGRESSIVE;
				CLANG_WARN_UNREACHABLE_CODE = YES;
				CLANG_WARN__DUPLICATE_METHOD_MATCH = YES;
				COPY_PHASE_STRIP = NO;
				DEBUG_INFORMATION_FORMAT = "dwarf-with-dsym";
				ENABLE_NS_ASSERTIONS = NO;
				ENABLE_STRICT_OBJC_MSGSEND = YES;
				ENABLE_USER_SCRIPT_SANDBOXING = YES;
				GCC_C_LANGUAGE_STANDARD = gnu17;
				GCC_NO_COMMON_BLOCKS = YES;
				GCC_WARN_64_TO_32_BIT_CONVERSION = YES;
				GCC_WARN_ABOUT_RETURN_TYPE = YES_ERROR;
				GCC_WARN_UNDECLARED_SELECTOR = YES;
				GCC_WARN_UNINITIALIZED_AUTOS = YES_AGGRESSIVE;
				GCC_WARN_UNUSED_FUNCTION = YES;
				GCC_WARN_UNUSED_VARIABLE = YES;
				IPHONEOS_DEPLOYMENT_TARGET = 17.0;
				LOCALIZATION_PREFERS_STRING_CATALOGS = YES;
				MTL_ENABLE_DEBUG_INFO = NO;
				MTL_FAST_MATH = YES;
				SDKROOT = iphoneos;
				SWIFT_COMPILATION_MODE = wholemodule;
				VALIDATE_PRODUCT = YES;
			};
			name = Release;
		};
		719284CD2B2950E800965797 /* Debug */ = {
			isa = XCBuildConfiguration;
			buildSettings = {
				ASSETCATALOG_COMPILER_APPICON_NAME = AppIcon;
				ASSETCATALOG_COMPILER_GLOBAL_ACCENT_COLOR_NAME = AccentColor;
				CODE_SIGN_STYLE = Automatic;
				CURRENT_PROJECT_VERSION = 1;
				DEVELOPMENT_ASSET_PATHS = "\"Phonebook/Preview Content\"";
				DEVELOPMENT_TEAM = 7VM5MRXF6F;
				ENABLE_PREVIEWS = YES;
				GENERATE_INFOPLIST_FILE = YES;
				INFOPLIST_KEY_UIApplicationSceneManifest_Generation = YES;
				INFOPLIST_KEY_UIApplicationSupportsIndirectInputEvents = YES;
				INFOPLIST_KEY_UILaunchScreen_Generation = YES;
				INFOPLIST_KEY_UISupportedInterfaceOrientations_iPad = "UIInterfaceOrientationPortrait UIInterfaceOrientationPortraitUpsideDown UIInterfaceOrientationLandscapeLeft UIInterfaceOrientationLandscapeRight";
				INFOPLIST_KEY_UISupportedInterfaceOrientations_iPhone = "UIInterfaceOrientationPortrait UIInterfaceOrientationLandscapeLeft UIInterfaceOrientationLandscapeRight";
				LD_RUNPATH_SEARCH_PATHS = (
					"$(inherited)",
					"@executable_path/Frameworks",
				);
				MARKETING_VERSION = 1.0;
				PRODUCT_BUNDLE_IDENTIFIER = dev.danilelelewis.Phonebook;
				PRODUCT_NAME = "$(TARGET_NAME)";
				SWIFT_EMIT_LOC_STRINGS = YES;
				SWIFT_VERSION = 5.0;
				TARGETED_DEVICE_FAMILY = "1,2";
			};
			name = Debug;
		};
		719284CE2B2950E800965797 /* Release */ = {
			isa = XCBuildConfiguration;
			buildSettings = {
				ASSETCATALOG_COMPILER_APPICON_NAME = AppIcon;
				ASSETCATALOG_COMPILER_GLOBAL_ACCENT_COLOR_NAME = AccentColor;
				CODE_SIGN_STYLE = Automatic;
				CURRENT_PROJECT_VERSION = 1;
				DEVELOPMENT_ASSET_PATHS = "\"Phonebook/Preview Content\"";
				DEVELOPMENT_TEAM = 7VM5MRXF6F;
				ENABLE_PREVIEWS = YES;
				GENERATE_INFOPLIST_FILE = YES;
				INFOPLIST_KEY_UIApplicationSceneManifest_Generation = YES;
				INFOPLIST_KEY_UIApplicationSupportsIndirectInputEvents = YES;
				INFOPLIST_KEY_UILaunchScreen_Generation = YES;
				INFOPLIST_KEY_UISupportedInterfaceOrientations_iPad = "UIInterfaceOrientationPortrait UIInterfaceOrientationPortraitUpsideDown UIInterfaceOrientationLandscapeLeft UIInterfaceOrientationLandscapeRight";
				INFOPLIST_KEY_UISupportedInterfaceOrientations_iPhone = "UIInterfaceOrientationPortrait UIInterfaceOrientationLandscapeLeft UIInterfaceOrientationLandscapeRight";
				LD_RUNPATH_SEARCH_PATHS = (
					"$(inherited)",
					"@executable_path/Frameworks",
				);
				MARKETING_VERSION = 1.0;
				PRODUCT_BUNDLE_IDENTIFIER = dev.danilelelewis.Phonebook;
				PRODUCT_NAME = "$(TARGET_NAME)";
				SWIFT_EMIT_LOC_STRINGS = YES;
				SWIFT_VERSION = 5.0;
				TARGETED_DEVICE_FAMILY = "1,2";
			};
			name = Release;
		};
/* End XCBuildConfiguration section */

/* Begin XCConfigurationList section */
		719284B92B2950E800965797 /* Build configuration list for PBXProject "Phonebook" */ = {
			isa = XCConfigurationList;
			buildConfigurations = (
				719284CA2B2950E800965797 /* Debug */,
				719284CB2B2950E800965797 /* Release */,
			);
			defaultConfigurationIsVisible = 0;
			defaultConfigurationName = Release;
		};
		719284CC2B2950E800965797 /* Build configuration list for PBXNativeTarget "Phonebook" */ = {
			isa = XCConfigurationList;
			buildConfigurations = (
				719284CD2B2950E800965797 /* Debug */,
				719284CE2B2950E800965797 /* Release */,
			);
			defaultConfigurationIsVisible = 0;
			defaultConfigurationName = Release;
		};
/* End XCConfigurationList section */
	};
	rootObject = 719284B62B2950E800965797 /* Project object */;
}
